<?xml version="1.0" encoding="utf-8"?>
<Project ToolsVersion="4.0" xmlns="http://schemas.microsoft.com/developer/msbuild/2003">
  <ItemGroup>
    <Filter Include="Fichiers sources">
      <UniqueIdentifier>{4FC737F1-C7A5-4376-A066-2A32D752A2FF}</UniqueIdentifier>
      <Extensions>cpp;c;cc;cxx;def;odl;idl;hpj;bat;asm;asmx</Extensions>
    </Filter>
    <Filter Include="Fichiers d%27en-tête">
      <UniqueIdentifier>{93995380-89BD-4b04-88EB-625FBE52EBFB}</UniqueIdentifier>
      <Extensions>h;hh;hpp;hxx;hm;inl;inc;xsd</Extensions>
    </Filter>
    <Filter Include="Fichiers de ressources">
      <UniqueIdentifier>{67DA6AB6-F800-4c08-8B7A-83BB121AAD01}</UniqueIdentifier>
      <Extensions>rc;ico;cur;bmp;dlg;rc2;rct;bin;rgs;gif;jpg;jpeg;jpe;resx;tiff;tif;png;wav;mfcribbon-ms</Extensions>
    </Filter>
    <Filter Include="Fichiers d%27en-tête\Utility">
      <UniqueIdentifier>{90dc2561-a2c3-410f-8cae-4efab44183dc}</UniqueIdentifier>
    </Filter>
    <Filter Include="Fichiers sources\Utility">
      <UniqueIdentifier>{fbdef00d-146f-48ac-9310-2f28c0d979ab}</UniqueIdentifier>
    </Filter>
    <Filter Include="Fichiers d%27en-tête\Animation2D">
      <UniqueIdentifier>{9ff2cfa0-b012-4c8a-9c8a-219ba40421c9}</UniqueIdentifier>
    </Filter>
    <Filter Include="Fichiers sources\Animation2D">
      <UniqueIdentifier>{c304ba44-bd2d-420c-8a75-270544d331cb}</UniqueIdentifier>
    </Filter>
    <Filter Include="Fichiers d%27en-tête\Event">
      <UniqueIdentifier>{b587ad7f-eb64-4f46-8a9f-54475633b4e9}</UniqueIdentifier>
    </Filter>
    <Filter Include="Fichiers sources\Event">
      <UniqueIdentifier>{1cfb534f-08c3-4b88-ad26-c6ded49e0d3b}</UniqueIdentifier>
    </Filter>
  </ItemGroup>
  <ItemGroup>
    <ClCompile Include="main.cpp">
      <Filter>Fichiers sources</Filter>
    </ClCompile>
    <ClCompile Include="WindowData.cpp">
      <Filter>Fichiers sources</Filter>
    </ClCompile>
    <ClCompile Include="GameState.cpp">
      <Filter>Fichiers sources</Filter>
    </ClCompile>
    <ClCompile Include="WindowManager.cpp">
      <Filter>Fichiers sources</Filter>
    </ClCompile>
    <ClCompile Include="TileMap.cpp">
      <Filter>Fichiers sources</Filter>
    </ClCompile>
    <ClCompile Include="Tile.cpp">
      <Filter>Fichiers sources</Filter>
    </ClCompile>
    <ClCompile Include="Player.cpp">
      <Filter>Fichiers sources</Filter>
    </ClCompile>
    <ClCompile Include="Animation2D\Animation2D.cpp">
      <Filter>Fichiers sources\Animation2D</Filter>
    </ClCompile>
    <ClCompile Include="Animation2D\Animation2DState.cpp">
      <Filter>Fichiers sources\Animation2D</Filter>
    </ClCompile>
    <ClCompile Include="Animation2D\Animation2DTransition.cpp">
      <Filter>Fichiers sources\Animation2D</Filter>
    </ClCompile>
    <ClCompile Include="Animation2D\Animator2D.cpp">
      <Filter>Fichiers sources\Animation2D</Filter>
    </ClCompile>
    <ClCompile Include="Animation2D\Conditions.cpp">
      <Filter>Fichiers sources\Animation2D</Filter>
    </ClCompile>
    <ClCompile Include="Animation2D\PropertiesHolder.cpp">
      <Filter>Fichiers sources\Animation2D</Filter>
    </ClCompile>
    <ClCompile Include="Animation2D\Animator2DSystem.cpp">
      <Filter>Fichiers sources\Animation2D</Filter>
    </ClCompile>
    <ClCompile Include="Animation2D\Animator2DComponent.cpp">
      <Filter>Fichiers sources\Animation2D</Filter>
    </ClCompile>
  </ItemGroup>
  <ItemGroup>
    <ClInclude Include="Utility\Matrix.h">
      <Filter>Fichiers d%27en-tête\Utility</Filter>
    </ClInclude>
    <ClInclude Include="WindowData.h">
      <Filter>Fichiers d%27en-tête</Filter>
    </ClInclude>
    <ClInclude Include="GameState.h">
      <Filter>Fichiers d%27en-tête</Filter>
    </ClInclude>
    <ClInclude Include="WindowManager.h">
      <Filter>Fichiers d%27en-tête</Filter>
    </ClInclude>
    <ClInclude Include="TileMap.h">
      <Filter>Fichiers d%27en-tête</Filter>
    </ClInclude>
    <ClInclude Include="Tile.h">
      <Filter>Fichiers d%27en-tête</Filter>
    </ClInclude>
    <ClInclude Include="Enums.h">
      <Filter>Fichiers d%27en-tête</Filter>
    </ClInclude>
    <ClInclude Include="Player.h">
      <Filter>Fichiers d%27en-tête</Filter>
    </ClInclude>
    <ClInclude Include="Animation2D\Animation2D.h">
      <Filter>Fichiers d%27en-tête\Animation2D</Filter>
    </ClInclude>
    <ClInclude Include="Animation2D\Animation2DEnv.h">
      <Filter>Fichiers d%27en-tête\Animation2D</Filter>
    </ClInclude>
    <ClInclude Include="Animation2D\Animation2DState.h">
      <Filter>Fichiers d%27en-tête\Animation2D</Filter>
    </ClInclude>
    <ClInclude Include="Animation2D\Animation2DTransition.h">
      <Filter>Fichiers d%27en-tête\Animation2D</Filter>
    </ClInclude>
    <ClInclude Include="Animation2D\Animator2D.h">
      <Filter>Fichiers d%27en-tête\Animation2D</Filter>
    </ClInclude>
    <ClInclude Include="Animation2D\Conditions.h">
      <Filter>Fichiers d%27en-tête\Animation2D</Filter>
    </ClInclude>
    <ClInclude Include="Animation2D\PropertiesHolder.h">
      <Filter>Fichiers d%27en-tête\Animation2D</Filter>
    </ClInclude>
    <ClInclude Include="Animation2D\Animator2DComponent.h">
      <Filter>Fichiers d%27en-tête\Animation2D</Filter>
    </ClInclude>
    <ClInclude Include="Animation2D\Animator2DSystem.h">
      <Filter>Fichiers d%27en-tête\Animation2D</Filter>
    </ClInclude>
    <ClInclude Include="Event\Event.h">
      <Filter>Fichiers d%27en-tête\Event</Filter>
    </ClInclude>
  </ItemGroup>
  <ItemGroup>
    <None Include="Animation2D\Animation2D.inl">
      <Filter>Fichiers d%27en-tête\Animation2D</Filter>
    </None>
    <None Include="Event\Event.inl">
      <Filter>Fichiers d%27en-tête\Event</Filter>
    </None>
  </ItemGroup>
</Project>